// !$*UTF8*$!
{
	archiveVersion = 1;
	classes = {
	};
	objectVersion = 48;
	objects = {

/* Begin PBXBuildFile section */
		AA73DE98AB4885642C6D7FCF /* Pods_2Password.framework in Frameworks */ = {isa = PBXBuildFile; fileRef = CADECAAE9415C6D862435D10 /* Pods_2Password.framework */; };
		D34722491FE2FB0700DD8230 /* Models.swift in Sources */ = {isa = PBXBuildFile; fileRef = D34722481FE2FB0700DD8230 /* Models.swift */; };
		D347224C1FE31D3900DD8230 /* SavedDataItem+CoreDataClass.swift in Sources */ = {isa = PBXBuildFile; fileRef = D347224A1FE31D3900DD8230 /* SavedDataItem+CoreDataClass.swift */; };
		D347224D1FE31D3900DD8230 /* SavedDataItem+CoreDataProperties.swift in Sources */ = {isa = PBXBuildFile; fileRef = D347224B1FE31D3900DD8230 /* SavedDataItem+CoreDataProperties.swift */; };
		D34736B61FD8758B00768071 /* FirstLaunchViewController.swift in Sources */ = {isa = PBXBuildFile; fileRef = D34736B51FD8758B00768071 /* FirstLaunchViewController.swift */; };
		D34736B81FD8759B00768071 /* FirstLaunch.storyboard in Resources */ = {isa = PBXBuildFile; fileRef = D34736B71FD8759B00768071 /* FirstLaunch.storyboard */; };
		D34736BA1FD87B5400768071 /* Defaults.swift in Sources */ = {isa = PBXBuildFile; fileRef = D34736B91FD87B5400768071 /* Defaults.swift */; };
		D34736BD1FD87D5C00768071 /* RegisterRouter.swift in Sources */ = {isa = PBXBuildFile; fileRef = D34736BC1FD87D5C00768071 /* RegisterRouter.swift */; };
		D362A1421F7B944D00E7AAA9 /* AppDelegate.swift in Sources */ = {isa = PBXBuildFile; fileRef = D362A1411F7B944D00E7AAA9 /* AppDelegate.swift */; };
		D362A1441F7B944D00E7AAA9 /* ViewController.swift in Sources */ = {isa = PBXBuildFile; fileRef = D362A1431F7B944D00E7AAA9 /* ViewController.swift */; };
		D362A1471F7B944D00E7AAA9 /* Main.storyboard in Resources */ = {isa = PBXBuildFile; fileRef = D362A1451F7B944D00E7AAA9 /* Main.storyboard */; };
		D362A1491F7B944D00E7AAA9 /* Assets.xcassets in Resources */ = {isa = PBXBuildFile; fileRef = D362A1481F7B944D00E7AAA9 /* Assets.xcassets */; };
		D362A14C1F7B944D00E7AAA9 /* LaunchScreen.storyboard in Resources */ = {isa = PBXBuildFile; fileRef = D362A14A1F7B944D00E7AAA9 /* LaunchScreen.storyboard */; };
		D362A1571F7B944D00E7AAA9 /* _PasswordTests.swift in Sources */ = {isa = PBXBuildFile; fileRef = D362A1561F7B944D00E7AAA9 /* _PasswordTests.swift */; };
		D3C112701FD73EFA00BCBE59 /* MainRouter.swift in Sources */ = {isa = PBXBuildFile; fileRef = D3C1126F1FD73EFA00BCBE59 /* MainRouter.swift */; };
		D3D7F30A1FE0532B00C0B1B1 /* CreatePasswordViewController.swift in Sources */ = {isa = PBXBuildFile; fileRef = D3D7F3091FE0532B00C0B1B1 /* CreatePasswordViewController.swift */; };
		D3D7F30C1FE062C700C0B1B1 /* ThankYouViewController.swift in Sources */ = {isa = PBXBuildFile; fileRef = D3D7F30B1FE062C700C0B1B1 /* ThankYouViewController.swift */; };
		D3D7F30E1FE0632900C0B1B1 /* SecurityEngine.swift in Sources */ = {isa = PBXBuildFile; fileRef = D3D7F30D1FE0632900C0B1B1 /* SecurityEngine.swift */; };
		D3D7F3101FE0719200C0B1B1 /* EncryptionTransformer.swift in Sources */ = {isa = PBXBuildFile; fileRef = D3D7F30F1FE0719200C0B1B1 /* EncryptionTransformer.swift */; };
		D3D7F3121FE0729500C0B1B1 /* PasswordHashStorage.swift in Sources */ = {isa = PBXBuildFile; fileRef = D3D7F3111FE0729500C0B1B1 /* PasswordHashStorage.swift */; };
		D3D7F3141FE073A400C0B1B1 /* CoreDataStack.swift in Sources */ = {isa = PBXBuildFile; fileRef = D3D7F3131FE073A400C0B1B1 /* CoreDataStack.swift */; };
		D3D7F3181FE0747E00C0B1B1 /* NSData+Encryption.m in Sources */ = {isa = PBXBuildFile; fileRef = D3D7F3161FE0747E00C0B1B1 /* NSData+Encryption.m */; };
		D3D7F31C1FE0757600C0B1B1 /* 2Password.xcdatamodeld in Sources */ = {isa = PBXBuildFile; fileRef = D3D7F31A1FE0757600C0B1B1 /* 2Password.xcdatamodeld */; };
		D3D7F31E1FE07C3C00C0B1B1 /* Security.framework in Frameworks */ = {isa = PBXBuildFile; fileRef = D3D7F31D1FE07C3C00C0B1B1 /* Security.framework */; };
		D3D930A91FD73FE20097504A /* GradientButton.swift in Sources */ = {isa = PBXBuildFile; fileRef = D3D930A81FD73FE20097504A /* GradientButton.swift */; };
		D3D930AB1FD748680097504A /* SelfSizingTableView.swift in Sources */ = {isa = PBXBuildFile; fileRef = D3D930AA1FD748680097504A /* SelfSizingTableView.swift */; };
		F889A2A22DACABCC60A9C5FF /* Pods_2PasswordTests.framework in Frameworks */ = {isa = PBXBuildFile; fileRef = D34A335C2E46742BE5382743 /* Pods_2PasswordTests.framework */; };
/* End PBXBuildFile section */

/* Begin PBXContainerItemProxy section */
		D362A1531F7B944D00E7AAA9 /* PBXContainerItemProxy */ = {
			isa = PBXContainerItemProxy;
			containerPortal = D362A1361F7B944D00E7AAA9 /* Project object */;
			proxyType = 1;
			remoteGlobalIDString = D362A13D1F7B944D00E7AAA9;
			remoteInfo = 2Password;
		};
/* End PBXContainerItemProxy section */

/* Begin PBXFileReference section */
		1339E6E3FA20BEDD7D04E1FE /* Pods-2PasswordTests.release.xcconfig */ = {isa = PBXFileReference; includeInIndex = 1; lastKnownFileType = text.xcconfig; name = "Pods-2PasswordTests.release.xcconfig"; path = "Pods/Target Support Files/Pods-2PasswordTests/Pods-2PasswordTests.release.xcconfig"; sourceTree = "<group>"; };
		459DAD17E541FDD77574D09F /* Pods-2PasswordTests.debug.xcconfig */ = {isa = PBXFileReference; includeInIndex = 1; lastKnownFileType = text.xcconfig; name = "Pods-2PasswordTests.debug.xcconfig"; path = "Pods/Target Support Files/Pods-2PasswordTests/Pods-2PasswordTests.debug.xcconfig"; sourceTree = "<group>"; };
		AEB468969705240BA72691F2 /* Pods-2Password.release.xcconfig */ = {isa = PBXFileReference; includeInIndex = 1; lastKnownFileType = text.xcconfig; name = "Pods-2Password.release.xcconfig"; path = "Pods/Target Support Files/Pods-2Password/Pods-2Password.release.xcconfig"; sourceTree = "<group>"; };
		C7223642196412B541D7F0B9 /* Pods-2Password.debug.xcconfig */ = {isa = PBXFileReference; includeInIndex = 1; lastKnownFileType = text.xcconfig; name = "Pods-2Password.debug.xcconfig"; path = "Pods/Target Support Files/Pods-2Password/Pods-2Password.debug.xcconfig"; sourceTree = "<group>"; };
		CADECAAE9415C6D862435D10 /* Pods_2Password.framework */ = {isa = PBXFileReference; explicitFileType = wrapper.framework; includeInIndex = 0; path = Pods_2Password.framework; sourceTree = BUILT_PRODUCTS_DIR; };
		D34722481FE2FB0700DD8230 /* Models.swift */ = {isa = PBXFileReference; lastKnownFileType = sourcecode.swift; path = Models.swift; sourceTree = "<group>"; };
		D347224A1FE31D3900DD8230 /* SavedDataItem+CoreDataClass.swift */ = {isa = PBXFileReference; lastKnownFileType = sourcecode.swift; path = "SavedDataItem+CoreDataClass.swift"; sourceTree = "<group>"; };
		D347224B1FE31D3900DD8230 /* SavedDataItem+CoreDataProperties.swift */ = {isa = PBXFileReference; lastKnownFileType = sourcecode.swift; path = "SavedDataItem+CoreDataProperties.swift"; sourceTree = "<group>"; };
		D34736B51FD8758B00768071 /* FirstLaunchViewController.swift */ = {isa = PBXFileReference; lastKnownFileType = sourcecode.swift; path = FirstLaunchViewController.swift; sourceTree = "<group>"; };
		D34736B71FD8759B00768071 /* FirstLaunch.storyboard */ = {isa = PBXFileReference; lastKnownFileType = file.storyboard; path = FirstLaunch.storyboard; sourceTree = "<group>"; };
		D34736B91FD87B5400768071 /* Defaults.swift */ = {isa = PBXFileReference; lastKnownFileType = sourcecode.swift; path = Defaults.swift; sourceTree = "<group>"; };
		D34736BC1FD87D5C00768071 /* RegisterRouter.swift */ = {isa = PBXFileReference; lastKnownFileType = sourcecode.swift; path = RegisterRouter.swift; sourceTree = "<group>"; };
		D34A335C2E46742BE5382743 /* Pods_2PasswordTests.framework */ = {isa = PBXFileReference; explicitFileType = wrapper.framework; includeInIndex = 0; path = Pods_2PasswordTests.framework; sourceTree = BUILT_PRODUCTS_DIR; };
		D362A13E1F7B944D00E7AAA9 /* 2Password.app */ = {isa = PBXFileReference; explicitFileType = wrapper.application; includeInIndex = 0; path = 2Password.app; sourceTree = BUILT_PRODUCTS_DIR; };
		D362A1411F7B944D00E7AAA9 /* AppDelegate.swift */ = {isa = PBXFileReference; lastKnownFileType = sourcecode.swift; path = AppDelegate.swift; sourceTree = "<group>"; };
		D362A1431F7B944D00E7AAA9 /* ViewController.swift */ = {isa = PBXFileReference; lastKnownFileType = sourcecode.swift; path = ViewController.swift; sourceTree = "<group>"; };
		D362A1461F7B944D00E7AAA9 /* Base */ = {isa = PBXFileReference; lastKnownFileType = file.storyboard; name = Base; path = Base.lproj/Main.storyboard; sourceTree = "<group>"; };
		D362A1481F7B944D00E7AAA9 /* Assets.xcassets */ = {isa = PBXFileReference; lastKnownFileType = folder.assetcatalog; path = Assets.xcassets; sourceTree = "<group>"; };
		D362A14B1F7B944D00E7AAA9 /* Base */ = {isa = PBXFileReference; lastKnownFileType = file.storyboard; name = Base; path = Base.lproj/LaunchScreen.storyboard; sourceTree = "<group>"; };
		D362A14D1F7B944D00E7AAA9 /* Info.plist */ = {isa = PBXFileReference; lastKnownFileType = text.plist.xml; path = Info.plist; sourceTree = "<group>"; };
		D362A1521F7B944D00E7AAA9 /* 2PasswordTests.xctest */ = {isa = PBXFileReference; explicitFileType = wrapper.cfbundle; includeInIndex = 0; path = 2PasswordTests.xctest; sourceTree = BUILT_PRODUCTS_DIR; };
		D362A1561F7B944D00E7AAA9 /* _PasswordTests.swift */ = {isa = PBXFileReference; lastKnownFileType = sourcecode.swift; path = _PasswordTests.swift; sourceTree = "<group>"; };
		D362A1581F7B944D00E7AAA9 /* Info.plist */ = {isa = PBXFileReference; lastKnownFileType = text.plist.xml; path = Info.plist; sourceTree = "<group>"; };
		D3C1126F1FD73EFA00BCBE59 /* MainRouter.swift */ = {isa = PBXFileReference; lastKnownFileType = sourcecode.swift; path = MainRouter.swift; sourceTree = "<group>"; };
		D3D7F3091FE0532B00C0B1B1 /* CreatePasswordViewController.swift */ = {isa = PBXFileReference; lastKnownFileType = sourcecode.swift; path = CreatePasswordViewController.swift; sourceTree = "<group>"; };
		D3D7F30B1FE062C700C0B1B1 /* ThankYouViewController.swift */ = {isa = PBXFileReference; lastKnownFileType = sourcecode.swift; path = ThankYouViewController.swift; sourceTree = "<group>"; };
		D3D7F30D1FE0632900C0B1B1 /* SecurityEngine.swift */ = {isa = PBXFileReference; lastKnownFileType = sourcecode.swift; path = SecurityEngine.swift; sourceTree = "<group>"; };
		D3D7F30F1FE0719200C0B1B1 /* EncryptionTransformer.swift */ = {isa = PBXFileReference; lastKnownFileType = sourcecode.swift; path = EncryptionTransformer.swift; sourceTree = "<group>"; };
		D3D7F3111FE0729500C0B1B1 /* PasswordHashStorage.swift */ = {isa = PBXFileReference; lastKnownFileType = sourcecode.swift; path = PasswordHashStorage.swift; sourceTree = "<group>"; };
		D3D7F3131FE073A400C0B1B1 /* CoreDataStack.swift */ = {isa = PBXFileReference; lastKnownFileType = sourcecode.swift; path = CoreDataStack.swift; sourceTree = "<group>"; };
		D3D7F3161FE0747E00C0B1B1 /* NSData+Encryption.m */ = {isa = PBXFileReference; fileEncoding = 4; lastKnownFileType = sourcecode.c.objc; path = "NSData+Encryption.m"; sourceTree = "<group>"; };
		D3D7F3171FE0747E00C0B1B1 /* NSData+Encryption.h */ = {isa = PBXFileReference; fileEncoding = 4; lastKnownFileType = sourcecode.c.h; path = "NSData+Encryption.h"; sourceTree = "<group>"; };
		D3D7F3191FE0749C00C0B1B1 /* 2Password-Bridging-Header.h */ = {isa = PBXFileReference; lastKnownFileType = sourcecode.c.h; path = "2Password-Bridging-Header.h"; sourceTree = "<group>"; };
		D3D7F31B1FE0757600C0B1B1 /* 2Password.xcdatamodel */ = {isa = PBXFileReference; lastKnownFileType = wrapper.xcdatamodel; path = 2Password.xcdatamodel; sourceTree = "<group>"; };
		D3D7F31D1FE07C3C00C0B1B1 /* Security.framework */ = {isa = PBXFileReference; lastKnownFileType = wrapper.framework; name = Security.framework; path = System/Library/Frameworks/Security.framework; sourceTree = SDKROOT; };
		D3D930A81FD73FE20097504A /* GradientButton.swift */ = {isa = PBXFileReference; lastKnownFileType = sourcecode.swift; path = GradientButton.swift; sourceTree = "<group>"; };
		D3D930AA1FD748680097504A /* SelfSizingTableView.swift */ = {isa = PBXFileReference; lastKnownFileType = sourcecode.swift; path = SelfSizingTableView.swift; sourceTree = "<group>"; };
/* End PBXFileReference section */

/* Begin PBXFrameworksBuildPhase section */
		D362A13B1F7B944D00E7AAA9 /* Frameworks */ = {
			isa = PBXFrameworksBuildPhase;
			buildActionMask = 2147483647;
			files = (
				D3D7F31E1FE07C3C00C0B1B1 /* Security.framework in Frameworks */,
				AA73DE98AB4885642C6D7FCF /* Pods_2Password.framework in Frameworks */,
			);
			runOnlyForDeploymentPostprocessing = 0;
		};
		D362A14F1F7B944D00E7AAA9 /* Frameworks */ = {
			isa = PBXFrameworksBuildPhase;
			buildActionMask = 2147483647;
			files = (
				F889A2A22DACABCC60A9C5FF /* Pods_2PasswordTests.framework in Frameworks */,
			);
			runOnlyForDeploymentPostprocessing = 0;
		};
/* End PBXFrameworksBuildPhase section */

/* Begin PBXGroup section */
		08B6ACE6C1862F5D39573AB6 /* Pods */ = {
			isa = PBXGroup;
			children = (
				C7223642196412B541D7F0B9 /* Pods-2Password.debug.xcconfig */,
				AEB468969705240BA72691F2 /* Pods-2Password.release.xcconfig */,
				459DAD17E541FDD77574D09F /* Pods-2PasswordTests.debug.xcconfig */,
				1339E6E3FA20BEDD7D04E1FE /* Pods-2PasswordTests.release.xcconfig */,
			);
			name = Pods;
			sourceTree = "<group>";
		};
		A6BA93DEDC10603AC29F750A /* Frameworks */ = {
			isa = PBXGroup;
			children = (
				D3D7F31D1FE07C3C00C0B1B1 /* Security.framework */,
				CADECAAE9415C6D862435D10 /* Pods_2Password.framework */,
				D34A335C2E46742BE5382743 /* Pods_2PasswordTests.framework */,
			);
			name = Frameworks;
			sourceTree = "<group>";
		};
		D34722471FE2FADD00DD8230 /* Models */ = {
			isa = PBXGroup;
			children = (
				D347224A1FE31D3900DD8230 /* SavedDataItem+CoreDataClass.swift */,
				D347224B1FE31D3900DD8230 /* SavedDataItem+CoreDataProperties.swift */,
				D34722481FE2FB0700DD8230 /* Models.swift */,
			);
			path = Models;
			sourceTree = "<group>";
		};
		D34736B41FD8757100768071 /* ViewControllers */ = {
			isa = PBXGroup;
			children = (
				D3D7F3081FE0524900C0B1B1 /* FirstLaunch */,
			);
			path = ViewControllers;
			sourceTree = "<group>";
		};
		D34736BB1FD87D5100768071 /* Routers */ = {
			isa = PBXGroup;
			children = (
				D3C1126F1FD73EFA00BCBE59 /* MainRouter.swift */,
				D34736BC1FD87D5C00768071 /* RegisterRouter.swift */,
			);
			path = Routers;
			sourceTree = "<group>";
		};
		D362A1351F7B944D00E7AAA9 = {
			isa = PBXGroup;
			children = (
				D362A1401F7B944D00E7AAA9 /* 2Password */,
				D362A1551F7B944D00E7AAA9 /* 2PasswordTests */,
				D362A13F1F7B944D00E7AAA9 /* Products */,
				08B6ACE6C1862F5D39573AB6 /* Pods */,
				A6BA93DEDC10603AC29F750A /* Frameworks */,
			);
			sourceTree = "<group>";
		};
		D362A13F1F7B944D00E7AAA9 /* Products */ = {
			isa = PBXGroup;
			children = (
				D362A13E1F7B944D00E7AAA9 /* 2Password.app */,
				D362A1521F7B944D00E7AAA9 /* 2PasswordTests.xctest */,
			);
			name = Products;
			sourceTree = "<group>";
		};
		D362A1401F7B944D00E7AAA9 /* 2Password */ = {
			isa = PBXGroup;
			children = (
				D362A1411F7B944D00E7AAA9 /* AppDelegate.swift */,
				D362A1431F7B944D00E7AAA9 /* ViewController.swift */,
				D34736BB1FD87D5100768071 /* Routers */,
				D34736B91FD87B5400768071 /* Defaults.swift */,
				D3D7F30D1FE0632900C0B1B1 /* SecurityEngine.swift */,
				D3D7F30F1FE0719200C0B1B1 /* EncryptionTransformer.swift */,
				D3D7F3111FE0729500C0B1B1 /* PasswordHashStorage.swift */,
				D3D7F3131FE073A400C0B1B1 /* CoreDataStack.swift */,
				D34722471FE2FADD00DD8230 /* Models */,
				D3D7F3151FE0747E00C0B1B1 /* NSData+Encryption */,
				D34736B41FD8757100768071 /* ViewControllers */,
				D3D930A71FD73FC30097504A /* Views */,
				D362A1451F7B944D00E7AAA9 /* Main.storyboard */,
				D3D7F3191FE0749C00C0B1B1 /* 2Password-Bridging-Header.h */,
				D3D7F31A1FE0757600C0B1B1 /* 2Password.xcdatamodeld */,
				D362A1481F7B944D00E7AAA9 /* Assets.xcassets */,
				D362A14A1F7B944D00E7AAA9 /* LaunchScreen.storyboard */,
				D362A14D1F7B944D00E7AAA9 /* Info.plist */,
			);
			path = 2Password;
			sourceTree = "<group>";
		};
		D362A1551F7B944D00E7AAA9 /* 2PasswordTests */ = {
			isa = PBXGroup;
			children = (
				D362A1561F7B944D00E7AAA9 /* _PasswordTests.swift */,
				D362A1581F7B944D00E7AAA9 /* Info.plist */,
			);
			path = 2PasswordTests;
			sourceTree = "<group>";
		};
		D3D7F3081FE0524900C0B1B1 /* FirstLaunch */ = {
			isa = PBXGroup;
			children = (
				D34736B51FD8758B00768071 /* FirstLaunchViewController.swift */,
				D3D7F3091FE0532B00C0B1B1 /* CreatePasswordViewController.swift */,
				D3D7F30B1FE062C700C0B1B1 /* ThankYouViewController.swift */,
				D34736B71FD8759B00768071 /* FirstLaunch.storyboard */,
			);
			path = FirstLaunch;
			sourceTree = "<group>";
		};
		D3D7F3151FE0747E00C0B1B1 /* NSData+Encryption */ = {
			isa = PBXGroup;
			children = (
				D3D7F3161FE0747E00C0B1B1 /* NSData+Encryption.m */,
				D3D7F3171FE0747E00C0B1B1 /* NSData+Encryption.h */,
			);
			path = "NSData+Encryption";
			sourceTree = "<group>";
		};
		D3D930A71FD73FC30097504A /* Views */ = {
			isa = PBXGroup;
			children = (
				D3D930A81FD73FE20097504A /* GradientButton.swift */,
				D3D930AA1FD748680097504A /* SelfSizingTableView.swift */,
			);
			path = Views;
			sourceTree = "<group>";
		};
/* End PBXGroup section */

/* Begin PBXNativeTarget section */
		D362A13D1F7B944D00E7AAA9 /* 2Password */ = {
			isa = PBXNativeTarget;
			buildConfigurationList = D362A15B1F7B944D00E7AAA9 /* Build configuration list for PBXNativeTarget "2Password" */;
			buildPhases = (
				E2A512094D0ABB66BF990AD2 /* [CP] Check Pods Manifest.lock */,
				D362A13A1F7B944D00E7AAA9 /* Sources */,
				D362A13B1F7B944D00E7AAA9 /* Frameworks */,
				D362A13C1F7B944D00E7AAA9 /* Resources */,
				8BACF3BE9C390969507258AA /* [CP] Embed Pods Frameworks */,
				9F445F933CCE54A9BB4836FA /* [CP] Copy Pods Resources */,
			);
			buildRules = (
			);
			dependencies = (
			);
			name = 2Password;
			productName = 2Password;
			productReference = D362A13E1F7B944D00E7AAA9 /* 2Password.app */;
			productType = "com.apple.product-type.application";
		};
		D362A1511F7B944D00E7AAA9 /* 2PasswordTests */ = {
			isa = PBXNativeTarget;
			buildConfigurationList = D362A15E1F7B944D00E7AAA9 /* Build configuration list for PBXNativeTarget "2PasswordTests" */;
			buildPhases = (
				30495963EF8833E2554986A2 /* [CP] Check Pods Manifest.lock */,
				D362A14E1F7B944D00E7AAA9 /* Sources */,
				D362A14F1F7B944D00E7AAA9 /* Frameworks */,
				D362A1501F7B944D00E7AAA9 /* Resources */,
				0B836DA686E51EB4BE71E1F6 /* [CP] Embed Pods Frameworks */,
				0CC4C3480C6B6FAC4E5FC739 /* [CP] Copy Pods Resources */,
			);
			buildRules = (
			);
			dependencies = (
				D362A1541F7B944D00E7AAA9 /* PBXTargetDependency */,
			);
			name = 2PasswordTests;
			productName = 2PasswordTests;
			productReference = D362A1521F7B944D00E7AAA9 /* 2PasswordTests.xctest */;
			productType = "com.apple.product-type.bundle.unit-test";
		};
/* End PBXNativeTarget section */

/* Begin PBXProject section */
		D362A1361F7B944D00E7AAA9 /* Project object */ = {
			isa = PBXProject;
			attributes = {
				LastSwiftUpdateCheck = 0900;
				LastUpgradeCheck = 0900;
				ORGANIZATIONNAME = "Ilya Velilyaev";
				TargetAttributes = {
					D362A13D1F7B944D00E7AAA9 = {
						CreatedOnToolsVersion = 9.0;
						ProvisioningStyle = Automatic;
					};
					D362A1511F7B944D00E7AAA9 = {
						CreatedOnToolsVersion = 9.0;
						ProvisioningStyle = Automatic;
						TestTargetID = D362A13D1F7B944D00E7AAA9;
					};
				};
			};
			buildConfigurationList = D362A1391F7B944D00E7AAA9 /* Build configuration list for PBXProject "2Password" */;
			compatibilityVersion = "Xcode 8.0";
			developmentRegion = en;
			hasScannedForEncodings = 0;
			knownRegions = (
				en,
				Base,
			);
			mainGroup = D362A1351F7B944D00E7AAA9;
			productRefGroup = D362A13F1F7B944D00E7AAA9 /* Products */;
			projectDirPath = "";
			projectRoot = "";
			targets = (
				D362A13D1F7B944D00E7AAA9 /* 2Password */,
				D362A1511F7B944D00E7AAA9 /* 2PasswordTests */,
			);
		};
/* End PBXProject section */

/* Begin PBXResourcesBuildPhase section */
		D362A13C1F7B944D00E7AAA9 /* Resources */ = {
			isa = PBXResourcesBuildPhase;
			buildActionMask = 2147483647;
			files = (
				D34736B81FD8759B00768071 /* FirstLaunch.storyboard in Resources */,
				D362A14C1F7B944D00E7AAA9 /* LaunchScreen.storyboard in Resources */,
				D362A1491F7B944D00E7AAA9 /* Assets.xcassets in Resources */,
				D362A1471F7B944D00E7AAA9 /* Main.storyboard in Resources */,
			);
			runOnlyForDeploymentPostprocessing = 0;
		};
		D362A1501F7B944D00E7AAA9 /* Resources */ = {
			isa = PBXResourcesBuildPhase;
			buildActionMask = 2147483647;
			files = (
			);
			runOnlyForDeploymentPostprocessing = 0;
		};
/* End PBXResourcesBuildPhase section */

/* Begin PBXShellScriptBuildPhase section */
		0B836DA686E51EB4BE71E1F6 /* [CP] Embed Pods Frameworks */ = {
			isa = PBXShellScriptBuildPhase;
			buildActionMask = 2147483647;
			files = (
			);
			inputPaths = (
			);
			name = "[CP] Embed Pods Frameworks";
			outputPaths = (
			);
			runOnlyForDeploymentPostprocessing = 0;
			shellPath = /bin/sh;
			shellScript = "\"${SRCROOT}/Pods/Target Support Files/Pods-2PasswordTests/Pods-2PasswordTests-frameworks.sh\"\n";
			showEnvVarsInLog = 0;
		};
		0CC4C3480C6B6FAC4E5FC739 /* [CP] Copy Pods Resources */ = {
			isa = PBXShellScriptBuildPhase;
			buildActionMask = 2147483647;
			files = (
			);
			inputPaths = (
			);
			name = "[CP] Copy Pods Resources";
			outputPaths = (
			);
			runOnlyForDeploymentPostprocessing = 0;
			shellPath = /bin/sh;
			shellScript = "\"${SRCROOT}/Pods/Target Support Files/Pods-2PasswordTests/Pods-2PasswordTests-resources.sh\"\n";
			showEnvVarsInLog = 0;
		};
		30495963EF8833E2554986A2 /* [CP] Check Pods Manifest.lock */ = {
			isa = PBXShellScriptBuildPhase;
			buildActionMask = 2147483647;
			files = (
			);
			inputPaths = (
				"${PODS_PODFILE_DIR_PATH}/Podfile.lock",
				"${PODS_ROOT}/Manifest.lock",
			);
			name = "[CP] Check Pods Manifest.lock";
			outputPaths = (
				"$(DERIVED_FILE_DIR)/Pods-2PasswordTests-checkManifestLockResult.txt",
			);
			runOnlyForDeploymentPostprocessing = 0;
			shellPath = /bin/sh;
			shellScript = "diff \"${PODS_PODFILE_DIR_PATH}/Podfile.lock\" \"${PODS_ROOT}/Manifest.lock\" > /dev/null\nif [ $? != 0 ] ; then\n    # print error to STDERR\n    echo \"error: The sandbox is not in sync with the Podfile.lock. Run 'pod install' or update your CocoaPods installation.\" >&2\n    exit 1\nfi\n# This output is used by Xcode 'outputs' to avoid re-running this script phase.\necho \"SUCCESS\" > \"${SCRIPT_OUTPUT_FILE_0}\"\n";
			showEnvVarsInLog = 0;
		};
		8BACF3BE9C390969507258AA /* [CP] Embed Pods Frameworks */ = {
			isa = PBXShellScriptBuildPhase;
			buildActionMask = 2147483647;
			files = (
			);
			inputPaths = (
				"${SRCROOT}/Pods/Target Support Files/Pods-2Password/Pods-2Password-frameworks.sh",
				"${BUILT_PRODUCTS_DIR}/EncryptedCoreData/EncryptedCoreData.framework",
				"${BUILT_PRODUCTS_DIR}/KeychainItemWrapper/KeychainItemWrapper.framework",
				"${BUILT_PRODUCTS_DIR}/SQLCipher/SQLCipher.framework",
				"${BUILT_PRODUCTS_DIR}/SnapKit/SnapKit.framework",
			);
			name = "[CP] Embed Pods Frameworks";
			outputPaths = (
				"${TARGET_BUILD_DIR}/${FRAMEWORKS_FOLDER_PATH}/EncryptedCoreData.framework",
				"${TARGET_BUILD_DIR}/${FRAMEWORKS_FOLDER_PATH}/KeychainItemWrapper.framework",
				"${TARGET_BUILD_DIR}/${FRAMEWORKS_FOLDER_PATH}/SQLCipher.framework",
				"${TARGET_BUILD_DIR}/${FRAMEWORKS_FOLDER_PATH}/SnapKit.framework",
			);
			runOnlyForDeploymentPostprocessing = 0;
			shellPath = /bin/sh;
			shellScript = "\"${SRCROOT}/Pods/Target Support Files/Pods-2Password/Pods-2Password-frameworks.sh\"\n";
			showEnvVarsInLog = 0;
		};
		9F445F933CCE54A9BB4836FA /* [CP] Copy Pods Resources */ = {
			isa = PBXShellScriptBuildPhase;
			buildActionMask = 2147483647;
			files = (
			);
			inputPaths = (
			);
			name = "[CP] Copy Pods Resources";
			outputPaths = (
			);
			runOnlyForDeploymentPostprocessing = 0;
			shellPath = /bin/sh;
			shellScript = "\"${SRCROOT}/Pods/Target Support Files/Pods-2Password/Pods-2Password-resources.sh\"\n";
			showEnvVarsInLog = 0;
		};
		E2A512094D0ABB66BF990AD2 /* [CP] Check Pods Manifest.lock */ = {
			isa = PBXShellScriptBuildPhase;
			buildActionMask = 2147483647;
			files = (
			);
			inputPaths = (
				"${PODS_PODFILE_DIR_PATH}/Podfile.lock",
				"${PODS_ROOT}/Manifest.lock",
			);
			name = "[CP] Check Pods Manifest.lock";
			outputPaths = (
				"$(DERIVED_FILE_DIR)/Pods-2Password-checkManifestLockResult.txt",
			);
			runOnlyForDeploymentPostprocessing = 0;
			shellPath = /bin/sh;
			shellScript = "diff \"${PODS_PODFILE_DIR_PATH}/Podfile.lock\" \"${PODS_ROOT}/Manifest.lock\" > /dev/null\nif [ $? != 0 ] ; then\n    # print error to STDERR\n    echo \"error: The sandbox is not in sync with the Podfile.lock. Run 'pod install' or update your CocoaPods installation.\" >&2\n    exit 1\nfi\n# This output is used by Xcode 'outputs' to avoid re-running this script phase.\necho \"SUCCESS\" > \"${SCRIPT_OUTPUT_FILE_0}\"\n";
			showEnvVarsInLog = 0;
		};
/* End PBXShellScriptBuildPhase section */

/* Begin PBXSourcesBuildPhase section */
		D362A13A1F7B944D00E7AAA9 /* Sources */ = {
			isa = PBXSourcesBuildPhase;
			buildActionMask = 2147483647;
			files = (
				D3D930AB1FD748680097504A /* SelfSizingTableView.swift in Sources */,
				D3D7F30E1FE0632900C0B1B1 /* SecurityEngine.swift in Sources */,
				D34722491FE2FB0700DD8230 /* Models.swift in Sources */,
				D34736BA1FD87B5400768071 /* Defaults.swift in Sources */,
				D3D7F31C1FE0757600C0B1B1 /* 2Password.xcdatamodeld in Sources */,
				D362A1441F7B944D00E7AAA9 /* ViewController.swift in Sources */,
				D3D7F3101FE0719200C0B1B1 /* EncryptionTransformer.swift in Sources */,
				D3D930A91FD73FE20097504A /* GradientButton.swift in Sources */,
				D3D7F30A1FE0532B00C0B1B1 /* CreatePasswordViewController.swift in Sources */,
				D3D7F3181FE0747E00C0B1B1 /* NSData+Encryption.m in Sources */,
				D3D7F3141FE073A400C0B1B1 /* CoreDataStack.swift in Sources */,
				D362A1421F7B944D00E7AAA9 /* AppDelegate.swift in Sources */,
				D347224C1FE31D3900DD8230 /* SavedDataItem+CoreDataClass.swift in Sources */,
				D3D7F3121FE0729500C0B1B1 /* PasswordHashStorage.swift in Sources */,
				D34736BD1FD87D5C00768071 /* RegisterRouter.swift in Sources */,
				D34736B61FD8758B00768071 /* FirstLaunchViewController.swift in Sources */,
				D347224D1FE31D3900DD8230 /* SavedDataItem+CoreDataProperties.swift in Sources */,
				D3C112701FD73EFA00BCBE59 /* MainRouter.swift in Sources */,
				D3D7F30C1FE062C700C0B1B1 /* ThankYouViewController.swift in Sources */,
			);
			runOnlyForDeploymentPostprocessing = 0;
		};
		D362A14E1F7B944D00E7AAA9 /* Sources */ = {
			isa = PBXSourcesBuildPhase;
			buildActionMask = 2147483647;
			files = (
				D362A1571F7B944D00E7AAA9 /* _PasswordTests.swift in Sources */,
			);
			runOnlyForDeploymentPostprocessing = 0;
		};
/* End PBXSourcesBuildPhase section */

/* Begin PBXTargetDependency section */
		D362A1541F7B944D00E7AAA9 /* PBXTargetDependency */ = {
			isa = PBXTargetDependency;
			target = D362A13D1F7B944D00E7AAA9 /* 2Password */;
			targetProxy = D362A1531F7B944D00E7AAA9 /* PBXContainerItemProxy */;
		};
/* End PBXTargetDependency section */

/* Begin PBXVariantGroup section */
		D362A1451F7B944D00E7AAA9 /* Main.storyboard */ = {
			isa = PBXVariantGroup;
			children = (
				D362A1461F7B944D00E7AAA9 /* Base */,
			);
			name = Main.storyboard;
			sourceTree = "<group>";
		};
		D362A14A1F7B944D00E7AAA9 /* LaunchScreen.storyboard */ = {
			isa = PBXVariantGroup;
			children = (
				D362A14B1F7B944D00E7AAA9 /* Base */,
			);
			name = LaunchScreen.storyboard;
			sourceTree = "<group>";
		};
/* End PBXVariantGroup section */

/* Begin XCBuildConfiguration section */
		D362A1591F7B944D00E7AAA9 /* Debug */ = {
			isa = XCBuildConfiguration;
			buildSettings = {
				ALWAYS_SEARCH_USER_PATHS = NO;
				CLANG_ANALYZER_NONNULL = YES;
				CLANG_ANALYZER_NUMBER_OBJECT_CONVERSION = YES_AGGRESSIVE;
				CLANG_CXX_LANGUAGE_STANDARD = "gnu++14";
				CLANG_CXX_LIBRARY = "libc++";
				CLANG_ENABLE_MODULES = YES;
				CLANG_ENABLE_OBJC_ARC = YES;
				CLANG_WARN_BLOCK_CAPTURE_AUTORELEASING = YES;
				CLANG_WARN_BOOL_CONVERSION = YES;
				CLANG_WARN_COMMA = YES;
				CLANG_WARN_CONSTANT_CONVERSION = YES;
				CLANG_WARN_DIRECT_OBJC_ISA_USAGE = YES_ERROR;
				CLANG_WARN_DOCUMENTATION_COMMENTS = YES;
				CLANG_WARN_EMPTY_BODY = YES;
				CLANG_WARN_ENUM_CONVERSION = YES;
				CLANG_WARN_INFINITE_RECURSION = YES;
				CLANG_WARN_INT_CONVERSION = YES;
				CLANG_WARN_NON_LITERAL_NULL_CONVERSION = YES;
				CLANG_WARN_OBJC_LITERAL_CONVERSION = YES;
				CLANG_WARN_OBJC_ROOT_CLASS = YES_ERROR;
				CLANG_WARN_RANGE_LOOP_ANALYSIS = YES;
				CLANG_WARN_STRICT_PROTOTYPES = YES;
				CLANG_WARN_SUSPICIOUS_MOVE = YES;
				CLANG_WARN_UNGUARDED_AVAILABILITY = YES_AGGRESSIVE;
				CLANG_WARN_UNREACHABLE_CODE = YES;
				CLANG_WARN__DUPLICATE_METHOD_MATCH = YES;
				CODE_SIGN_IDENTITY = "iPhone Developer";
				COPY_PHASE_STRIP = NO;
				DEBUG_INFORMATION_FORMAT = dwarf;
				ENABLE_STRICT_OBJC_MSGSEND = YES;
				ENABLE_TESTABILITY = YES;
				GCC_C_LANGUAGE_STANDARD = gnu11;
				GCC_DYNAMIC_NO_PIC = NO;
				GCC_NO_COMMON_BLOCKS = YES;
				GCC_OPTIMIZATION_LEVEL = 0;
				GCC_PREPROCESSOR_DEFINITIONS = (
					"DEBUG=1",
					"$(inherited)",
				);
				GCC_WARN_64_TO_32_BIT_CONVERSION = YES;
				GCC_WARN_ABOUT_RETURN_TYPE = YES_ERROR;
				GCC_WARN_UNDECLARED_SELECTOR = YES;
				GCC_WARN_UNINITIALIZED_AUTOS = YES_AGGRESSIVE;
				GCC_WARN_UNUSED_FUNCTION = YES;
				GCC_WARN_UNUSED_VARIABLE = YES;
				IPHONEOS_DEPLOYMENT_TARGET = 11.0;
				MTL_ENABLE_DEBUG_INFO = YES;
				ONLY_ACTIVE_ARCH = YES;
				SDKROOT = iphoneos;
				SWIFT_ACTIVE_COMPILATION_CONDITIONS = DEBUG;
				SWIFT_OPTIMIZATION_LEVEL = "-Onone";
			};
			name = Debug;
		};
		D362A15A1F7B944D00E7AAA9 /* Release */ = {
			isa = XCBuildConfiguration;
			buildSettings = {
				ALWAYS_SEARCH_USER_PATHS = NO;
				CLANG_ANALYZER_NONNULL = YES;
				CLANG_ANALYZER_NUMBER_OBJECT_CONVERSION = YES_AGGRESSIVE;
				CLANG_CXX_LANGUAGE_STANDARD = "gnu++14";
				CLANG_CXX_LIBRARY = "libc++";
				CLANG_ENABLE_MODULES = YES;
				CLANG_ENABLE_OBJC_ARC = YES;
				CLANG_WARN_BLOCK_CAPTURE_AUTORELEASING = YES;
				CLANG_WARN_BOOL_CONVERSION = YES;
				CLANG_WARN_COMMA = YES;
				CLANG_WARN_CONSTANT_CONVERSION = YES;
				CLANG_WARN_DIRECT_OBJC_ISA_USAGE = YES_ERROR;
				CLANG_WARN_DOCUMENTATION_COMMENTS = YES;
				CLANG_WARN_EMPTY_BODY = YES;
				CLANG_WARN_ENUM_CONVERSION = YES;
				CLANG_WARN_INFINITE_RECURSION = YES;
				CLANG_WARN_INT_CONVERSION = YES;
				CLANG_WARN_NON_LITERAL_NULL_CONVERSION = YES;
				CLANG_WARN_OBJC_LITERAL_CONVERSION = YES;
				CLANG_WARN_OBJC_ROOT_CLASS = YES_ERROR;
				CLANG_WARN_RANGE_LOOP_ANALYSIS = YES;
				CLANG_WARN_STRICT_PROTOTYPES = YES;
				CLANG_WARN_SUSPICIOUS_MOVE = YES;
				CLANG_WARN_UNGUARDED_AVAILABILITY = YES_AGGRESSIVE;
				CLANG_WARN_UNREACHABLE_CODE = YES;
				CLANG_WARN__DUPLICATE_METHOD_MATCH = YES;
				CODE_SIGN_IDENTITY = "iPhone Developer";
				COPY_PHASE_STRIP = NO;
				DEBUG_INFORMATION_FORMAT = "dwarf-with-dsym";
				ENABLE_NS_ASSERTIONS = NO;
				ENABLE_STRICT_OBJC_MSGSEND = YES;
				GCC_C_LANGUAGE_STANDARD = gnu11;
				GCC_NO_COMMON_BLOCKS = YES;
				GCC_WARN_64_TO_32_BIT_CONVERSION = YES;
				GCC_WARN_ABOUT_RETURN_TYPE = YES_ERROR;
				GCC_WARN_UNDECLARED_SELECTOR = YES;
				GCC_WARN_UNINITIALIZED_AUTOS = YES_AGGRESSIVE;
				GCC_WARN_UNUSED_FUNCTION = YES;
				GCC_WARN_UNUSED_VARIABLE = YES;
				IPHONEOS_DEPLOYMENT_TARGET = 11.0;
				MTL_ENABLE_DEBUG_INFO = NO;
				SDKROOT = iphoneos;
				SWIFT_OPTIMIZATION_LEVEL = "-Owholemodule";
				VALIDATE_PRODUCT = YES;
			};
			name = Release;
		};
		D362A15C1F7B944D00E7AAA9 /* Debug */ = {
			isa = XCBuildConfiguration;
			baseConfigurationReference = C7223642196412B541D7F0B9 /* Pods-2Password.debug.xcconfig */;
			buildSettings = {
				ASSETCATALOG_COMPILER_APPICON_NAME = AppIcon;
				CODE_SIGN_STYLE = Automatic;
				DEVELOPMENT_TEAM = 6HUP8KLZJ2;
				INFOPLIST_FILE = 2Password/Info.plist;
				LD_RUNPATH_SEARCH_PATHS = "$(inherited) @executable_path/Frameworks";
				PRODUCT_BUNDLE_IDENTIFIER = com.2password.2password;
				PRODUCT_NAME = "$(TARGET_NAME)";
				SWIFT_OBJC_BRIDGING_HEADER = "2Password/2Password-Bridging-Header.h";
				SWIFT_VERSION = 4.0;
				TARGETED_DEVICE_FAMILY = "1,2";
			};
			name = Debug;
		};
		D362A15D1F7B944D00E7AAA9 /* Release */ = {
			isa = XCBuildConfiguration;
			baseConfigurationReference = AEB468969705240BA72691F2 /* Pods-2Password.release.xcconfig */;
			buildSettings = {
				ASSETCATALOG_COMPILER_APPICON_NAME = AppIcon;
				CODE_SIGN_STYLE = Automatic;
				DEVELOPMENT_TEAM = 6HUP8KLZJ2;
				INFOPLIST_FILE = 2Password/Info.plist;
				LD_RUNPATH_SEARCH_PATHS = "$(inherited) @executable_path/Frameworks";
				PRODUCT_BUNDLE_IDENTIFIER = com.2password.2password;
				PRODUCT_NAME = "$(TARGET_NAME)";
				SWIFT_OBJC_BRIDGING_HEADER = "2Password/2Password-Bridging-Header.h";
				SWIFT_VERSION = 4.0;
				TARGETED_DEVICE_FAMILY = "1,2";
			};
			name = Release;
		};
		D362A15F1F7B944D00E7AAA9 /* Debug */ = {
			isa = XCBuildConfiguration;
			baseConfigurationReference = 459DAD17E541FDD77574D09F /* Pods-2PasswordTests.debug.xcconfig */;
			buildSettings = {
				ALWAYS_EMBED_SWIFT_STANDARD_LIBRARIES = YES;
				BUNDLE_LOADER = "$(TEST_HOST)";
				CODE_SIGN_STYLE = Automatic;
				DEVELOPMENT_TEAM = 2ZCQP5Y975;
				INFOPLIST_FILE = 2PasswordTests/Info.plist;
				LD_RUNPATH_SEARCH_PATHS = "$(inherited) @executable_path/Frameworks @loader_path/Frameworks";
				PRODUCT_BUNDLE_IDENTIFIER = "com.2password.-PasswordTests";
				PRODUCT_NAME = "$(TARGET_NAME)";
				SWIFT_VERSION = 4.0;
				TARGETED_DEVICE_FAMILY = "1,2";
				TEST_HOST = "$(BUILT_PRODUCTS_DIR)/2Password.app/2Password";
			};
			name = Debug;
		};
		D362A1601F7B944D00E7AAA9 /* Release */ = {
			isa = XCBuildConfiguration;
			baseConfigurationReference = 1339E6E3FA20BEDD7D04E1FE /* Pods-2PasswordTests.release.xcconfig */;
			buildSettings = {
				ALWAYS_EMBED_SWIFT_STANDARD_LIBRARIES = YES;
				BUNDLE_LOADER = "$(TEST_HOST)";
				CODE_SIGN_STYLE = Automatic;
				DEVELOPMENT_TEAM = 2ZCQP5Y975;
				INFOPLIST_FILE = 2PasswordTests/Info.plist;
				LD_RUNPATH_SEARCH_PATHS = "$(inherited) @executable_path/Frameworks @loader_path/Frameworks";
				PRODUCT_BUNDLE_IDENTIFIER = "com.2password.-PasswordTests";
				PRODUCT_NAME = "$(TARGET_NAME)";
				SWIFT_VERSION = 4.0;
				TARGETED_DEVICE_FAMILY = "1,2";
				TEST_HOST = "$(BUILT_PRODUCTS_DIR)/2Password.app/2Password";
			};
			name = Release;
		};
/* End XCBuildConfiguration section */

/* Begin XCConfigurationList section */
		D362A1391F7B944D00E7AAA9 /* Build configuration list for PBXProject "2Password" */ = {
			isa = XCConfigurationList;
			buildConfigurations = (
				D362A1591F7B944D00E7AAA9 /* Debug */,
				D362A15A1F7B944D00E7AAA9 /* Release */,
			);
			defaultConfigurationIsVisible = 0;
			defaultConfigurationName = Release;
		};
		D362A15B1F7B944D00E7AAA9 /* Build configuration list for PBXNativeTarget "2Password" */ = {
			isa = XCConfigurationList;
			buildConfigurations = (
				D362A15C1F7B944D00E7AAA9 /* Debug */,
				D362A15D1F7B944D00E7AAA9 /* Release */,
			);
			defaultConfigurationIsVisible = 0;
			defaultConfigurationName = Release;
		};
		D362A15E1F7B944D00E7AAA9 /* Build configuration list for PBXNativeTarget "2PasswordTests" */ = {
			isa = XCConfigurationList;
			buildConfigurations = (
				D362A15F1F7B944D00E7AAA9 /* Debug */,
				D362A1601F7B944D00E7AAA9 /* Release */,
			);
			defaultConfigurationIsVisible = 0;
			defaultConfigurationName = Release;
		};
/* End XCConfigurationList section */

/* Begin XCVersionGroup section */
		D3D7F31A1FE0757600C0B1B1 /* 2Password.xcdatamodeld */ = {
			isa = XCVersionGroup;
			children = (
				D3D7F31B1FE0757600C0B1B1 /* 2Password.xcdatamodel */,
			);
			currentVersion = D3D7F31B1FE0757600C0B1B1 /* 2Password.xcdatamodel */;
			path = 2Password.xcdatamodeld;
			sourceTree = "<group>";
			versionGroupType = wrapper.xcdatamodel;
		};
/* End XCVersionGroup section */
	};
	rootObject = D362A1361F7B944D00E7AAA9 /* Project object */;
}
